
Microsoft Visual Studio Solution File, Format Version 12.00
# Visual Studio Version 17
VisualStudioVersion = 17.3.32825.248
MinimumVisualStudioVersion = 10.0.40219.1
Project("{FAE04EC0-301F-11D3-BF4B-00C04F79EFBC}") = "Q1", "ConsoleApp1\Q1.csproj", "{93F03C12-220D-45F6-9CEF-F11A854F4B0D}"
EndProject
Project("{FAE04EC0-301F-11D3-BF4B-00C04F79EFBC}") = "Q2", "Q2\Q2.csproj", "{84DB9601-3E7F-476B-A750-8CCD8DC6DF7A}"
EndProject
Global
	GlobalSection(SolutionConfigurationPlatforms) = preSolution
		Debug|Any CPU = Debug|Any CPU
		Release|Any CPU = Release|Any CPU
	EndGlobalSection
	GlobalSection(ProjectConfigurationPlatforms) = postSolution
		{93F03C12-220D-45F6-9CEF-F11A854F4B0D}.Debug|Any CPU.ActiveCfg = Debug|Any CPU
		{93F03C12-220D-45F6-9CEF-F11A854F4B0D}.Debug|Any CPU.Build.0 = Debug|Any CPU
		{93F03C12-220D-45F6-9CEF-F11A854F4B0D}.Release|Any CPU.ActiveCfg = Release|Any CPU
		{93F03C12-220D-45F6-9CEF-F11A854F4B0D}.Release|Any CPU.Build.0 = Release|Any CPU
		{84DB9601-3E7F-476B-A750-8CCD8DC6DF7A}.Debug|Any CPU.ActiveCfg = Debug|Any CPU
		{84DB9601-3E7F-476B-A750-8CCD8DC6DF7A}.Debug|Any CPU.Build.0 = Debug|Any CPU
		{84DB9601-3E7F-476B-A750-8CCD8DC6DF7A}.Release|Any CPU.ActiveCfg = Release|Any CPU
		{84DB9601-3E7F-476B-A750-8CCD8DC6DF7A}.Release|Any CPU.Build.0 = Release|Any CPU
	EndGlobalSection
	GlobalSection(SolutionProperties) = preSolution
		HideSolutionNode = FALSE
	EndGlobalSection
	GlobalSection(ExtensibilityGlobals) = postSolution
		SolutionGuid = {30D64059-8168-4530-8FC6-CE1B71093AB6}
	EndGlobalSection
EndGlobal
